
Microsoft Visual Studio Solution File, Format Version 12.00
Project("{2150E333-8FDC-42A3-9474-1A3956D46DE8}") = "common", "common", "{F7DE4E56-7CBB-4ABA-948B-4827DBDD88BA}"
	ProjectSection(SolutionItems) = preProject
		.dockerignore = .dockerignore
		.gitignore = .gitignore
		docker-compose.yml = docker-compose.yml
		Dockerfile = Dockerfile
	EndProjectSection
EndProject
Project("{2150E333-8FDC-42A3-9474-1A3956D46DE8}") = "src", "src", "{06917A1F-2087-4829-B3EE-BBBAF5159F57}"
EndProject
Project("{2150E333-8FDC-42A3-9474-1A3956D46DE8}") = "tests", "tests", "{8B05F103-5A4B-4F39-94BB-FE1AA1CEDE82}"
EndProject
Project("{FAE04EC0-301F-11D3-BF4B-00C04F79EFBC}") = "Avito.MerchStore.Domain", "Avito.MerchStore.Domain\Avito.MerchStore.Domain.csproj", "{12CC51A9-BA1A-4EEF-8B68-8E8FF95112B2}"
EndProject
Project("{FAE04EC0-301F-11D3-BF4B-00C04F79EFBC}") = "Avito.MerchStore.Infrastructure", "Avito.MerchStore.Infrastructure\Avito.MerchStore.Infrastructure.csproj", "{2736121C-1CCE-474C-B57E-7E35C00AC88B}"
EndProject
Project("{FAE04EC0-301F-11D3-BF4B-00C04F79EFBC}") = "Avito.MerchStore.API", "Avito.MerchStore.API\Avito.MerchStore.API.csproj", "{8EAC0833-098C-4079-A211-27A1F3DC03AD}"
EndProject
Global
	GlobalSection(SolutionConfigurationPlatforms) = preSolution
		Debug|Any CPU = Debug|Any CPU
		Release|Any CPU = Release|Any CPU
	EndGlobalSection
	GlobalSection(ProjectConfigurationPlatforms) = postSolution
		{12CC51A9-BA1A-4EEF-8B68-8E8FF95112B2}.Debug|Any CPU.ActiveCfg = Debug|Any CPU
		{12CC51A9-BA1A-4EEF-8B68-8E8FF95112B2}.Debug|Any CPU.Build.0 = Debug|Any CPU
		{12CC51A9-BA1A-4EEF-8B68-8E8FF95112B2}.Release|Any CPU.ActiveCfg = Release|Any CPU
		{12CC51A9-BA1A-4EEF-8B68-8E8FF95112B2}.Release|Any CPU.Build.0 = Release|Any CPU
		{2736121C-1CCE-474C-B57E-7E35C00AC88B}.Debug|Any CPU.ActiveCfg = Debug|Any CPU
		{2736121C-1CCE-474C-B57E-7E35C00AC88B}.Debug|Any CPU.Build.0 = Debug|Any CPU
		{2736121C-1CCE-474C-B57E-7E35C00AC88B}.Release|Any CPU.ActiveCfg = Release|Any CPU
		{2736121C-1CCE-474C-B57E-7E35C00AC88B}.Release|Any CPU.Build.0 = Release|Any CPU
		{8EAC0833-098C-4079-A211-27A1F3DC03AD}.Debug|Any CPU.ActiveCfg = Debug|Any CPU
		{8EAC0833-098C-4079-A211-27A1F3DC03AD}.Debug|Any CPU.Build.0 = Debug|Any CPU
		{8EAC0833-098C-4079-A211-27A1F3DC03AD}.Release|Any CPU.ActiveCfg = Release|Any CPU
		{8EAC0833-098C-4079-A211-27A1F3DC03AD}.Release|Any CPU.Build.0 = Release|Any CPU
	EndGlobalSection
	GlobalSection(NestedProjects) = preSolution
		{12CC51A9-BA1A-4EEF-8B68-8E8FF95112B2} = {06917A1F-2087-4829-B3EE-BBBAF5159F57}
		{2736121C-1CCE-474C-B57E-7E35C00AC88B} = {06917A1F-2087-4829-B3EE-BBBAF5159F57}
		{8EAC0833-098C-4079-A211-27A1F3DC03AD} = {06917A1F-2087-4829-B3EE-BBBAF5159F57}
	EndGlobalSection
EndGlobal
